
Microsoft Visual Studio Solution File, Format Version 12.00
# Visual Studio Version 17
VisualStudioVersion = 17.8.34112.27
MinimumVisualStudioVersion = 10.0.40219.1
Project("{FAE04EC0-301F-11D3-BF4B-00C04F79EFBC}") = "agence_voiyage_app", "agence_voiyage_app\agence_voiyage_app.csproj", "{AD8A8D7D-70BB-4026-A1CE-277EF7E46F40}"
EndProject
Global
	GlobalSection(SolutionConfigurationPlatforms) = preSolution
		Debug|Any CPU = Debug|Any CPU
		Release|Any CPU = Release|Any CPU
	EndGlobalSection
	GlobalSection(ProjectConfigurationPlatforms) = postSolution
		{AD8A8D7D-70BB-4026-A1CE-277EF7E46F40}.Debug|Any CPU.ActiveCfg = Debug|Any CPU
		{AD8A8D7D-70BB-4026-A1CE-277EF7E46F40}.Debug|Any CPU.Build.0 = Debug|Any CPU
		{AD8A8D7D-70BB-4026-A1CE-277EF7E46F40}.Release|Any CPU.ActiveCfg = Release|Any CPU
		{AD8A8D7D-70BB-4026-A1CE-277EF7E46F40}.Release|Any CPU.Build.0 = Release|Any CPU
	EndGlobalSection
	GlobalSection(SolutionProperties) = preSolution
		HideSolutionNode = FALSE
	EndGlobalSection
	GlobalSection(ExtensibilityGlobals) = postSolution
		SolutionGuid = {B5C39560-3FFC-4B3A-B078-3B63AFA58B80}
	EndGlobalSection
EndGlobal
